
Microsoft Visual Studio Solution File, Format Version 12.00
# Visual Studio 14
VisualStudioVersion = 14.0.23107.0
MinimumVisualStudioVersion = 10.0.40219.1
Project("{FAE04EC0-301F-11D3-BF4B-00C04F79EFBC}") = "WeaponForger", "WeaponForger\WeaponForger\WeaponForger.csproj", "{E78DF9C0-5337-4753-83EB-A2386C75F9D1}"
EndProject
Project("{FAE04EC0-301F-11D3-BF4B-00C04F79EFBC}") = "WeaponForger.iOS", "WeaponForger\WeaponForger.iOS\WeaponForger.iOS.csproj", "{89FB7E2E-4F2F-4832-AD66-0CB113A57718}"
EndProject
Project("{FAE04EC0-301F-11D3-BF4B-00C04F79EFBC}") = "WeaponForger.Droid", "WeaponForger\WeaponForger.Droid\WeaponForger.Droid.csproj", "{2CE6939D-0305-4D28-B7CE-CBA92A4F0A5A}"
EndProject
Project("{FAE04EC0-301F-11D3-BF4B-00C04F79EFBC}") = "WeaponForger.WinPhone", "WeaponForger\WeaponForger.WinPhone\WeaponForger.WinPhone.csproj", "{92593E3E-92D2-4A12-8AB6-93E96E24A5C0}"
EndProject
Project("{FAE04EC0-301F-11D3-BF4B-00C04F79EFBC}") = "WeaponForger.Tests", "WeaponForger.Tests\WeaponForger.Tests.csproj", "{BF5710B0-7B6B-42F9-8AE4-672661EAAC6F}"
EndProject
Project("{2150E333-8FDC-42A3-9474-1A3956D46DE8}") = "Solution Items", "Solution Items", "{52D2CC60-39F4-4AE6-A50A-7905B5EFB9DE}"
	ProjectSection(SolutionItems) = preProject
		READ ME.txt = READ ME.txt
	EndProjectSection
EndProject
Global
	GlobalSection(SolutionConfigurationPlatforms) = preSolution
		Ad-Hoc|Any CPU = Ad-Hoc|Any CPU
		Ad-Hoc|ARM = Ad-Hoc|ARM
		Ad-Hoc|iPhone = Ad-Hoc|iPhone
		Ad-Hoc|iPhoneSimulator = Ad-Hoc|iPhoneSimulator
		Ad-Hoc|x86 = Ad-Hoc|x86
		AppStore|Any CPU = AppStore|Any CPU
		AppStore|ARM = AppStore|ARM
		AppStore|iPhone = AppStore|iPhone
		AppStore|iPhoneSimulator = AppStore|iPhoneSimulator
		AppStore|x86 = AppStore|x86
		Debug|Any CPU = Debug|Any CPU
		Debug|ARM = Debug|ARM
		Debug|iPhone = Debug|iPhone
		Debug|iPhoneSimulator = Debug|iPhoneSimulator
		Debug|x86 = Debug|x86
		Release|Any CPU = Release|Any CPU
		Release|ARM = Release|ARM
		Release|iPhone = Release|iPhone
		Release|iPhoneSimulator = Release|iPhoneSimulator
		Release|x86 = Release|x86
	EndGlobalSection
	GlobalSection(ProjectConfigurationPlatforms) = postSolution
		{E78DF9C0-5337-4753-83EB-A2386C75F9D1}.Ad-Hoc|Any CPU.ActiveCfg = Release|Any CPU
		{E78DF9C0-5337-4753-83EB-A2386C75F9D1}.Ad-Hoc|Any CPU.Build.0 = Release|Any CPU
		{E78DF9C0-5337-4753-83EB-A2386C75F9D1}.Ad-Hoc|ARM.ActiveCfg = Release|Any CPU
		{E78DF9C0-5337-4753-83EB-A2386C75F9D1}.Ad-Hoc|ARM.Build.0 = Release|Any CPU
		{E78DF9C0-5337-4753-83EB-A2386C75F9D1}.Ad-Hoc|iPhone.ActiveCfg = Release|Any CPU
		{E78DF9C0-5337-4753-83EB-A2386C75F9D1}.Ad-Hoc|iPhone.Build.0 = Release|Any CPU
		{E78DF9C0-5337-4753-83EB-A2386C75F9D1}.Ad-Hoc|iPhoneSimulator.ActiveCfg = Release|Any CPU
		{E78DF9C0-5337-4753-83EB-A2386C75F9D1}.Ad-Hoc|iPhoneSimulator.Build.0 = Release|Any CPU
		{E78DF9C0-5337-4753-83EB-A2386C75F9D1}.Ad-Hoc|x86.ActiveCfg = Release|Any CPU
		{E78DF9C0-5337-4753-83EB-A2386C75F9D1}.Ad-Hoc|x86.Build.0 = Release|Any CPU
		{E78DF9C0-5337-4753-83EB-A2386C75F9D1}.AppStore|Any CPU.ActiveCfg = Release|Any CPU
		{E78DF9C0-5337-4753-83EB-A2386C75F9D1}.AppStore|Any CPU.Build.0 = Release|Any CPU
		{E78DF9C0-5337-4753-83EB-A2386C75F9D1}.AppStore|ARM.ActiveCfg = Release|Any CPU
		{E78DF9C0-5337-4753-83EB-A2386C75F9D1}.AppStore|ARM.Build.0 = Release|Any CPU
		{E78DF9C0-5337-4753-83EB-A2386C75F9D1}.AppStore|iPhone.ActiveCfg = Release|Any CPU
		{E78DF9C0-5337-4753-83EB-A2386C75F9D1}.AppStore|iPhone.Build.0 = Release|Any CPU
		{E78DF9C0-5337-4753-83EB-A2386C75F9D1}.AppStore|iPhoneSimulator.ActiveCfg = Release|Any CPU
		{E78DF9C0-5337-4753-83EB-A2386C75F9D1}.AppStore|iPhoneSimulator.Build.0 = Release|Any CPU
		{E78DF9C0-5337-4753-83EB-A2386C75F9D1}.AppStore|x86.ActiveCfg = Release|Any CPU
		{E78DF9C0-5337-4753-83EB-A2386C75F9D1}.AppStore|x86.Build.0 = Release|Any CPU
		{E78DF9C0-5337-4753-83EB-A2386C75F9D1}.Debug|Any CPU.ActiveCfg = Debug|Any CPU
		{E78DF9C0-5337-4753-83EB-A2386C75F9D1}.Debug|Any CPU.Build.0 = Debug|Any CPU
		{E78DF9C0-5337-4753-83EB-A2386C75F9D1}.Debug|ARM.ActiveCfg = Debug|Any CPU
		{E78DF9C0-5337-4753-83EB-A2386C75F9D1}.Debug|ARM.Build.0 = Debug|Any CPU
		{E78DF9C0-5337-4753-83EB-A2386C75F9D1}.Debug|iPhone.ActiveCfg = Debug|Any CPU
		{E78DF9C0-5337-4753-83EB-A2386C75F9D1}.Debug|iPhone.Build.0 = Debug|Any CPU
		{E78DF9C0-5337-4753-83EB-A2386C75F9D1}.Debug|iPhoneSimulator.ActiveCfg = Debug|Any CPU
		{E78DF9C0-5337-4753-83EB-A2386C75F9D1}.Debug|iPhoneSimulator.Build.0 = Debug|Any CPU
		{E78DF9C0-5337-4753-83EB-A2386C75F9D1}.Debug|x86.ActiveCfg = Debug|Any CPU
		{E78DF9C0-5337-4753-83EB-A2386C75F9D1}.Debug|x86.Build.0 = Debug|Any CPU
		{E78DF9C0-5337-4753-83EB-A2386C75F9D1}.Release|Any CPU.ActiveCfg = Release|Any CPU
		{E78DF9C0-5337-4753-83EB-A2386C75F9D1}.Release|Any CPU.Build.0 = Release|Any CPU
		{E78DF9C0-5337-4753-83EB-A2386C75F9D1}.Release|ARM.ActiveCfg = Release|Any CPU
		{E78DF9C0-5337-4753-83EB-A2386C75F9D1}.Release|ARM.Build.0 = Release|Any CPU
		{E78DF9C0-5337-4753-83EB-A2386C75F9D1}.Release|iPhone.ActiveCfg = Release|Any CPU
		{E78DF9C0-5337-4753-83EB-A2386C75F9D1}.Release|iPhone.Build.0 = Release|Any CPU
		{E78DF9C0-5337-4753-83EB-A2386C75F9D1}.Release|iPhoneSimulator.ActiveCfg = Release|Any CPU
		{E78DF9C0-5337-4753-83EB-A2386C75F9D1}.Release|iPhoneSimulator.Build.0 = Release|Any CPU
		{E78DF9C0-5337-4753-83EB-A2386C75F9D1}.Release|x86.ActiveCfg = Release|Any CPU
		{E78DF9C0-5337-4753-83EB-A2386C75F9D1}.Release|x86.Build.0 = Release|Any CPU
		{89FB7E2E-4F2F-4832-AD66-0CB113A57718}.Ad-Hoc|Any CPU.ActiveCfg = Ad-Hoc|iPhone
		{89FB7E2E-4F2F-4832-AD66-0CB113A57718}.Ad-Hoc|ARM.ActiveCfg = Ad-Hoc|iPhone
		{89FB7E2E-4F2F-4832-AD66-0CB113A57718}.Ad-Hoc|iPhone.ActiveCfg = Ad-Hoc|iPhone
		{89FB7E2E-4F2F-4832-AD66-0CB113A57718}.Ad-Hoc|iPhone.Build.0 = Ad-Hoc|iPhone
		{89FB7E2E-4F2F-4832-AD66-0CB113A57718}.Ad-Hoc|iPhoneSimulator.ActiveCfg = Ad-Hoc|iPhoneSimulator
		{89FB7E2E-4F2F-4832-AD66-0CB113A57718}.Ad-Hoc|iPhoneSimulator.Build.0 = Ad-Hoc|iPhoneSimulator
		{89FB7E2E-4F2F-4832-AD66-0CB113A57718}.Ad-Hoc|x86.ActiveCfg = Ad-Hoc|iPhone
		{89FB7E2E-4F2F-4832-AD66-0CB113A57718}.AppStore|Any CPU.ActiveCfg = AppStore|iPhone
		{89FB7E2E-4F2F-4832-AD66-0CB113A57718}.AppStore|ARM.ActiveCfg = AppStore|iPhone
		{89FB7E2E-4F2F-4832-AD66-0CB113A57718}.AppStore|iPhone.ActiveCfg = AppStore|iPhone
		{89FB7E2E-4F2F-4832-AD66-0CB113A57718}.AppStore|iPhone.Build.0 = AppStore|iPhone
		{89FB7E2E-4F2F-4832-AD66-0CB113A57718}.AppStore|iPhoneSimulator.ActiveCfg = AppStore|iPhoneSimulator
		{89FB7E2E-4F2F-4832-AD66-0CB113A57718}.AppStore|iPhoneSimulator.Build.0 = AppStore|iPhoneSimulator
		{89FB7E2E-4F2F-4832-AD66-0CB113A57718}.AppStore|x86.ActiveCfg = AppStore|iPhone
		{89FB7E2E-4F2F-4832-AD66-0CB113A57718}.Debug|Any CPU.ActiveCfg = Debug|iPhone
		{89FB7E2E-4F2F-4832-AD66-0CB113A57718}.Debug|ARM.ActiveCfg = Debug|iPhone
		{89FB7E2E-4F2F-4832-AD66-0CB113A57718}.Debug|iPhone.ActiveCfg = Debug|iPhone
		{89FB7E2E-4F2F-4832-AD66-0CB113A57718}.Debug|iPhone.Build.0 = Debug|iPhone
		{89FB7E2E-4F2F-4832-AD66-0CB113A57718}.Debug|iPhoneSimulator.ActiveCfg = Debug|iPhoneSimulator
		{89FB7E2E-4F2F-4832-AD66-0CB113A57718}.Debug|iPhoneSimulator.Build.0 = Debug|iPhoneSimulator
		{89FB7E2E-4F2F-4832-AD66-0CB113A57718}.Debug|x86.ActiveCfg = Debug|iPhone
		{89FB7E2E-4F2F-4832-AD66-0CB113A57718}.Release|Any CPU.ActiveCfg = Release|iPhone
		{89FB7E2E-4F2F-4832-AD66-0CB113A57718}.Release|ARM.ActiveCfg = Release|iPhone
		{89FB7E2E-4F2F-4832-AD66-0CB113A57718}.Release|iPhone.ActiveCfg = Release|iPhone
		{89FB7E2E-4F2F-4832-AD66-0CB113A57718}.Release|iPhone.Build.0 = Release|iPhone
		{89FB7E2E-4F2F-4832-AD66-0CB113A57718}.Release|iPhoneSimulator.ActiveCfg = Release|iPhoneSimulator
		{89FB7E2E-4F2F-4832-AD66-0CB113A57718}.Release|iPhoneSimulator.Build.0 = Release|iPhoneSimulator
		{89FB7E2E-4F2F-4832-AD66-0CB113A57718}.Release|x86.ActiveCfg = Release|iPhone
		{2CE6939D-0305-4D28-B7CE-CBA92A4F0A5A}.Ad-Hoc|Any CPU.ActiveCfg = Release|Any CPU
		{2CE6939D-0305-4D28-B7CE-CBA92A4F0A5A}.Ad-Hoc|Any CPU.Build.0 = Release|Any CPU
		{2CE6939D-0305-4D28-B7CE-CBA92A4F0A5A}.Ad-Hoc|Any CPU.Deploy.0 = Release|Any CPU
		{2CE6939D-0305-4D28-B7CE-CBA92A4F0A5A}.Ad-Hoc|ARM.ActiveCfg = Release|Any CPU
		{2CE6939D-0305-4D28-B7CE-CBA92A4F0A5A}.Ad-Hoc|ARM.Build.0 = Release|Any CPU
		{2CE6939D-0305-4D28-B7CE-CBA92A4F0A5A}.Ad-Hoc|ARM.Deploy.0 = Release|Any CPU
		{2CE6939D-0305-4D28-B7CE-CBA92A4F0A5A}.Ad-Hoc|iPhone.ActiveCfg = Release|Any CPU
		{2CE6939D-0305-4D28-B7CE-CBA92A4F0A5A}.Ad-Hoc|iPhone.Build.0 = Release|Any CPU
		{2CE6939D-0305-4D28-B7CE-CBA92A4F0A5A}.Ad-Hoc|iPhone.Deploy.0 = Release|Any CPU
		{2CE6939D-0305-4D28-B7CE-CBA92A4F0A5A}.Ad-Hoc|iPhoneSimulator.ActiveCfg = Release|Any CPU
		{2CE6939D-0305-4D28-B7CE-CBA92A4F0A5A}.Ad-Hoc|iPhoneSimulator.Build.0 = Release|Any CPU
		{2CE6939D-0305-4D28-B7CE-CBA92A4F0A5A}.Ad-Hoc|iPhoneSimulator.Deploy.0 = Release|Any CPU
		{2CE6939D-0305-4D28-B7CE-CBA92A4F0A5A}.Ad-Hoc|x86.ActiveCfg = Release|Any CPU
		{2CE6939D-0305-4D28-B7CE-CBA92A4F0A5A}.Ad-Hoc|x86.Build.0 = Release|Any CPU
		{2CE6939D-0305-4D28-B7CE-CBA92A4F0A5A}.Ad-Hoc|x86.Deploy.0 = Release|Any CPU
		{2CE6939D-0305-4D28-B7CE-CBA92A4F0A5A}.AppStore|Any CPU.ActiveCfg = Release|Any CPU
		{2CE6939D-0305-4D28-B7CE-CBA92A4F0A5A}.AppStore|Any CPU.Build.0 = Release|Any CPU
		{2CE6939D-0305-4D28-B7CE-CBA92A4F0A5A}.AppStore|Any CPU.Deploy.0 = Release|Any CPU
		{2CE6939D-0305-4D28-B7CE-CBA92A4F0A5A}.AppStore|ARM.ActiveCfg = Release|Any CPU
		{2CE6939D-0305-4D28-B7CE-CBA92A4F0A5A}.AppStore|ARM.Build.0 = Release|Any CPU
		{2CE6939D-0305-4D28-B7CE-CBA92A4F0A5A}.AppStore|ARM.Deploy.0 = Release|Any CPU
		{2CE6939D-0305-4D28-B7CE-CBA92A4F0A5A}.AppStore|iPhone.ActiveCfg = Release|Any CPU
		{2CE6939D-0305-4D28-B7CE-CBA92A4F0A5A}.AppStore|iPhone.Build.0 = Release|Any CPU
		{2CE6939D-0305-4D28-B7CE-CBA92A4F0A5A}.AppStore|iPhone.Deploy.0 = Release|Any CPU
		{2CE6939D-0305-4D28-B7CE-CBA92A4F0A5A}.AppStore|iPhoneSimulator.ActiveCfg = Release|Any CPU
		{2CE6939D-0305-4D28-B7CE-CBA92A4F0A5A}.AppStore|iPhoneSimulator.Build.0 = Release|Any CPU
		{2CE6939D-0305-4D28-B7CE-CBA92A4F0A5A}.AppStore|iPhoneSimulator.Deploy.0 = Release|Any CPU
		{2CE6939D-0305-4D28-B7CE-CBA92A4F0A5A}.AppStore|x86.ActiveCfg = Release|Any CPU
		{2CE6939D-0305-4D28-B7CE-CBA92A4F0A5A}.AppStore|x86.Build.0 = Release|Any CPU
		{2CE6939D-0305-4D28-B7CE-CBA92A4F0A5A}.AppStore|x86.Deploy.0 = Release|Any CPU
		{2CE6939D-0305-4D28-B7CE-CBA92A4F0A5A}.Debug|Any CPU.ActiveCfg = Debug|Any CPU
		{2CE6939D-0305-4D28-B7CE-CBA92A4F0A5A}.Debug|Any CPU.Build.0 = Debug|Any CPU
		{2CE6939D-0305-4D28-B7CE-CBA92A4F0A5A}.Debug|Any CPU.Deploy.0 = Debug|Any CPU
		{2CE6939D-0305-4D28-B7CE-CBA92A4F0A5A}.Debug|ARM.ActiveCfg = Debug|Any CPU
		{2CE6939D-0305-4D28-B7CE-CBA92A4F0A5A}.Debug|ARM.Build.0 = Debug|Any CPU
		{2CE6939D-0305-4D28-B7CE-CBA92A4F0A5A}.Debug|ARM.Deploy.0 = Debug|Any CPU
		{2CE6939D-0305-4D28-B7CE-CBA92A4F0A5A}.Debug|iPhone.ActiveCfg = Debug|Any CPU
		{2CE6939D-0305-4D28-B7CE-CBA92A4F0A5A}.Debug|iPhone.Build.0 = Debug|Any CPU
		{2CE6939D-0305-4D28-B7CE-CBA92A4F0A5A}.Debug|iPhone.Deploy.0 = Debug|Any CPU
		{2CE6939D-0305-4D28-B7CE-CBA92A4F0A5A}.Debug|iPhoneSimulator.ActiveCfg = Debug|Any CPU
		{2CE6939D-0305-4D28-B7CE-CBA92A4F0A5A}.Debug|iPhoneSimulator.Build.0 = Debug|Any CPU
		{2CE6939D-0305-4D28-B7CE-CBA92A4F0A5A}.Debug|iPhoneSimulator.Deploy.0 = Debug|Any CPU
		{2CE6939D-0305-4D28-B7CE-CBA92A4F0A5A}.Debug|x86.ActiveCfg = Debug|Any CPU
		{2CE6939D-0305-4D28-B7CE-CBA92A4F0A5A}.Debug|x86.Build.0 = Debug|Any CPU
		{2CE6939D-0305-4D28-B7CE-CBA92A4F0A5A}.Debug|x86.Deploy.0 = Debug|Any CPU
		{2CE6939D-0305-4D28-B7CE-CBA92A4F0A5A}.Release|Any CPU.ActiveCfg = Release|Any CPU
		{2CE6939D-0305-4D28-B7CE-CBA92A4F0A5A}.Release|Any CPU.Build.0 = Release|Any CPU
		{2CE6939D-0305-4D28-B7CE-CBA92A4F0A5A}.Release|Any CPU.Deploy.0 = Release|Any CPU
		{2CE6939D-0305-4D28-B7CE-CBA92A4F0A5A}.Release|ARM.ActiveCfg = Release|Any CPU
		{2CE6939D-0305-4D28-B7CE-CBA92A4F0A5A}.Release|ARM.Build.0 = Release|Any CPU
		{2CE6939D-0305-4D28-B7CE-CBA92A4F0A5A}.Release|ARM.Deploy.0 = Release|Any CPU
		{2CE6939D-0305-4D28-B7CE-CBA92A4F0A5A}.Release|iPhone.ActiveCfg = Release|Any CPU
		{2CE6939D-0305-4D28-B7CE-CBA92A4F0A5A}.Release|iPhone.Build.0 = Release|Any CPU
		{2CE6939D-0305-4D28-B7CE-CBA92A4F0A5A}.Release|iPhone.Deploy.0 = Release|Any CPU
		{2CE6939D-0305-4D28-B7CE-CBA92A4F0A5A}.Release|iPhoneSimulator.ActiveCfg = Release|Any CPU
		{2CE6939D-0305-4D28-B7CE-CBA92A4F0A5A}.Release|iPhoneSimulator.Build.0 = Release|Any CPU
		{2CE6939D-0305-4D28-B7CE-CBA92A4F0A5A}.Release|iPhoneSimulator.Deploy.0 = Release|Any CPU
		{2CE6939D-0305-4D28-B7CE-CBA92A4F0A5A}.Release|x86.ActiveCfg = Release|Any CPU
		{2CE6939D-0305-4D28-B7CE-CBA92A4F0A5A}.Release|x86.Build.0 = Release|Any CPU
		{2CE6939D-0305-4D28-B7CE-CBA92A4F0A5A}.Release|x86.Deploy.0 = Release|Any CPU
		{92593E3E-92D2-4A12-8AB6-93E96E24A5C0}.Ad-Hoc|Any CPU.ActiveCfg = Release|Any CPU
		{92593E3E-92D2-4A12-8AB6-93E96E24A5C0}.Ad-Hoc|Any CPU.Build.0 = Release|Any CPU
		{92593E3E-92D2-4A12-8AB6-93E96E24A5C0}.Ad-Hoc|Any CPU.Deploy.0 = Release|Any CPU
		{92593E3E-92D2-4A12-8AB6-93E96E24A5C0}.Ad-Hoc|ARM.ActiveCfg = Release|ARM
		{92593E3E-92D2-4A12-8AB6-93E96E24A5C0}.Ad-Hoc|ARM.Build.0 = Release|ARM
		{92593E3E-92D2-4A12-8AB6-93E96E24A5C0}.Ad-Hoc|ARM.Deploy.0 = Release|ARM
		{92593E3E-92D2-4A12-8AB6-93E96E24A5C0}.Ad-Hoc|iPhone.ActiveCfg = Release|Any CPU
		{92593E3E-92D2-4A12-8AB6-93E96E24A5C0}.Ad-Hoc|iPhone.Build.0 = Release|Any CPU
		{92593E3E-92D2-4A12-8AB6-93E96E24A5C0}.Ad-Hoc|iPhone.Deploy.0 = Release|Any CPU
		{92593E3E-92D2-4A12-8AB6-93E96E24A5C0}.Ad-Hoc|iPhoneSimulator.ActiveCfg = Release|Any CPU
		{92593E3E-92D2-4A12-8AB6-93E96E24A5C0}.Ad-Hoc|iPhoneSimulator.Build.0 = Release|Any CPU
		{92593E3E-92D2-4A12-8AB6-93E96E24A5C0}.Ad-Hoc|iPhoneSimulator.Deploy.0 = Release|Any CPU
		{92593E3E-92D2-4A12-8AB6-93E96E24A5C0}.Ad-Hoc|x86.ActiveCfg = Release|x86
		{92593E3E-92D2-4A12-8AB6-93E96E24A5C0}.Ad-Hoc|x86.Build.0 = Release|x86
		{92593E3E-92D2-4A12-8AB6-93E96E24A5C0}.Ad-Hoc|x86.Deploy.0 = Release|x86
		{92593E3E-92D2-4A12-8AB6-93E96E24A5C0}.AppStore|Any CPU.ActiveCfg = Release|Any CPU
		{92593E3E-92D2-4A12-8AB6-93E96E24A5C0}.AppStore|Any CPU.Build.0 = Release|Any CPU
		{92593E3E-92D2-4A12-8AB6-93E96E24A5C0}.AppStore|Any CPU.Deploy.0 = Release|Any CPU
		{92593E3E-92D2-4A12-8AB6-93E96E24A5C0}.AppStore|ARM.ActiveCfg = Release|ARM
		{92593E3E-92D2-4A12-8AB6-93E96E24A5C0}.AppStore|ARM.Build.0 = Release|ARM
		{92593E3E-92D2-4A12-8AB6-93E96E24A5C0}.AppStore|ARM.Deploy.0 = Release|ARM
		{92593E3E-92D2-4A12-8AB6-93E96E24A5C0}.AppStore|iPhone.ActiveCfg = Release|Any CPU
		{92593E3E-92D2-4A12-8AB6-93E96E24A5C0}.AppStore|iPhone.Build.0 = Release|Any CPU
		{92593E3E-92D2-4A12-8AB6-93E96E24A5C0}.AppStore|iPhone.Deploy.0 = Release|Any CPU
		{92593E3E-92D2-4A12-8AB6-93E96E24A5C0}.AppStore|iPhoneSimulator.ActiveCfg = Release|Any CPU
		{92593E3E-92D2-4A12-8AB6-93E96E24A5C0}.AppStore|iPhoneSimulator.Build.0 = Release|Any CPU
		{92593E3E-92D2-4A12-8AB6-93E96E24A5C0}.AppStore|iPhoneSimulator.Deploy.0 = Release|Any CPU
		{92593E3E-92D2-4A12-8AB6-93E96E24A5C0}.AppStore|x86.ActiveCfg = Release|x86
		{92593E3E-92D2-4A12-8AB6-93E96E24A5C0}.AppStore|x86.Build.0 = Release|x86
		{92593E3E-92D2-4A12-8AB6-93E96E24A5C0}.AppStore|x86.Deploy.0 = Release|x86
		{92593E3E-92D2-4A12-8AB6-93E96E24A5C0}.Debug|Any CPU.ActiveCfg = Debug|Any CPU
		{92593E3E-92D2-4A12-8AB6-93E96E24A5C0}.Debug|Any CPU.Build.0 = Debug|Any CPU
		{92593E3E-92D2-4A12-8AB6-93E96E24A5C0}.Debug|Any CPU.Deploy.0 = Debug|Any CPU
		{92593E3E-92D2-4A12-8AB6-93E96E24A5C0}.Debug|ARM.ActiveCfg = Debug|ARM
		{92593E3E-92D2-4A12-8AB6-93E96E24A5C0}.Debug|ARM.Build.0 = Debug|ARM
		{92593E3E-92D2-4A12-8AB6-93E96E24A5C0}.Debug|ARM.Deploy.0 = Debug|ARM
		{92593E3E-92D2-4A12-8AB6-93E96E24A5C0}.Debug|iPhone.ActiveCfg = Debug|Any CPU
		{92593E3E-92D2-4A12-8AB6-93E96E24A5C0}.Debug|iPhone.Build.0 = Debug|Any CPU
		{92593E3E-92D2-4A12-8AB6-93E96E24A5C0}.Debug|iPhone.Deploy.0 = Debug|Any CPU
		{92593E3E-92D2-4A12-8AB6-93E96E24A5C0}.Debug|iPhoneSimulator.ActiveCfg = Debug|Any CPU
		{92593E3E-92D2-4A12-8AB6-93E96E24A5C0}.Debug|iPhoneSimulator.Build.0 = Debug|Any CPU
		{92593E3E-92D2-4A12-8AB6-93E96E24A5C0}.Debug|iPhoneSimulator.Deploy.0 = Debug|Any CPU
		{92593E3E-92D2-4A12-8AB6-93E96E24A5C0}.Debug|x86.ActiveCfg = Debug|x86
		{92593E3E-92D2-4A12-8AB6-93E96E24A5C0}.Debug|x86.Build.0 = Debug|x86
		{92593E3E-92D2-4A12-8AB6-93E96E24A5C0}.Debug|x86.Deploy.0 = Debug|x86
		{92593E3E-92D2-4A12-8AB6-93E96E24A5C0}.Release|Any CPU.ActiveCfg = Release|Any CPU
		{92593E3E-92D2-4A12-8AB6-93E96E24A5C0}.Release|Any CPU.Build.0 = Release|Any CPU
		{92593E3E-92D2-4A12-8AB6-93E96E24A5C0}.Release|Any CPU.Deploy.0 = Release|Any CPU
		{92593E3E-92D2-4A12-8AB6-93E96E24A5C0}.Release|ARM.ActiveCfg = Release|ARM
		{92593E3E-92D2-4A12-8AB6-93E96E24A5C0}.Release|ARM.Build.0 = Release|ARM
		{92593E3E-92D2-4A12-8AB6-93E96E24A5C0}.Release|ARM.Deploy.0 = Release|ARM
		{92593E3E-92D2-4A12-8AB6-93E96E24A5C0}.Release|iPhone.ActiveCfg = Release|Any CPU
		{92593E3E-92D2-4A12-8AB6-93E96E24A5C0}.Release|iPhone.Build.0 = Release|Any CPU
		{92593E3E-92D2-4A12-8AB6-93E96E24A5C0}.Release|iPhone.Deploy.0 = Release|Any CPU
		{92593E3E-92D2-4A12-8AB6-93E96E24A5C0}.Release|iPhoneSimulator.ActiveCfg = Release|Any CPU
		{92593E3E-92D2-4A12-8AB6-93E96E24A5C0}.Release|iPhoneSimulator.Build.0 = Release|Any CPU
		{92593E3E-92D2-4A12-8AB6-93E96E24A5C0}.Release|iPhoneSimulator.Deploy.0 = Release|Any CPU
		{92593E3E-92D2-4A12-8AB6-93E96E24A5C0}.Release|x86.ActiveCfg = Release|x86
		{92593E3E-92D2-4A12-8AB6-93E96E24A5C0}.Release|x86.Build.0 = Release|x86
		{92593E3E-92D2-4A12-8AB6-93E96E24A5C0}.Release|x86.Deploy.0 = Release|x86
		{BF5710B0-7B6B-42F9-8AE4-672661EAAC6F}.Ad-Hoc|Any CPU.ActiveCfg = Release|Any CPU
		{BF5710B0-7B6B-42F9-8AE4-672661EAAC6F}.Ad-Hoc|Any CPU.Build.0 = Release|Any CPU
		{BF5710B0-7B6B-42F9-8AE4-672661EAAC6F}.Ad-Hoc|ARM.ActiveCfg = Release|Any CPU
		{BF5710B0-7B6B-42F9-8AE4-672661EAAC6F}.Ad-Hoc|ARM.Build.0 = Release|Any CPU
		{BF5710B0-7B6B-42F9-8AE4-672661EAAC6F}.Ad-Hoc|iPhone.ActiveCfg = Release|Any CPU
		{BF5710B0-7B6B-42F9-8AE4-672661EAAC6F}.Ad-Hoc|iPhone.Build.0 = Release|Any CPU
		{BF5710B0-7B6B-42F9-8AE4-672661EAAC6F}.Ad-Hoc|iPhoneSimulator.ActiveCfg = Release|Any CPU
		{BF5710B0-7B6B-42F9-8AE4-672661EAAC6F}.Ad-Hoc|iPhoneSimulator.Build.0 = Release|Any CPU
		{BF5710B0-7B6B-42F9-8AE4-672661EAAC6F}.Ad-Hoc|x86.ActiveCfg = Release|Any CPU
		{BF5710B0-7B6B-42F9-8AE4-672661EAAC6F}.Ad-Hoc|x86.Build.0 = Release|Any CPU
		{BF5710B0-7B6B-42F9-8AE4-672661EAAC6F}.AppStore|Any CPU.ActiveCfg = Release|Any CPU
		{BF5710B0-7B6B-42F9-8AE4-672661EAAC6F}.AppStore|Any CPU.Build.0 = Release|Any CPU
		{BF5710B0-7B6B-42F9-8AE4-672661EAAC6F}.AppStore|ARM.ActiveCfg = Release|Any CPU
		{BF5710B0-7B6B-42F9-8AE4-672661EAAC6F}.AppStore|ARM.Build.0 = Release|Any CPU
		{BF5710B0-7B6B-42F9-8AE4-672661EAAC6F}.AppStore|iPhone.ActiveCfg = Release|Any CPU
		{BF5710B0-7B6B-42F9-8AE4-672661EAAC6F}.AppStore|iPhone.Build.0 = Release|Any CPU
		{BF5710B0-7B6B-42F9-8AE4-672661EAAC6F}.AppStore|iPhoneSimulator.ActiveCfg = Release|Any CPU
		{BF5710B0-7B6B-42F9-8AE4-672661EAAC6F}.AppStore|iPhoneSimulator.Build.0 = Release|Any CPU
		{BF5710B0-7B6B-42F9-8AE4-672661EAAC6F}.AppStore|x86.ActiveCfg = Release|Any CPU
		{BF5710B0-7B6B-42F9-8AE4-672661EAAC6F}.AppStore|x86.Build.0 = Release|Any CPU
		{BF5710B0-7B6B-42F9-8AE4-672661EAAC6F}.Debug|Any CPU.ActiveCfg = Debug|Any CPU
		{BF5710B0-7B6B-42F9-8AE4-672661EAAC6F}.Debug|Any CPU.Build.0 = Debug|Any CPU
		{BF5710B0-7B6B-42F9-8AE4-672661EAAC6F}.Debug|ARM.ActiveCfg = Debug|Any CPU
		{BF5710B0-7B6B-42F9-8AE4-672661EAAC6F}.Debug|ARM.Build.0 = Debug|Any CPU
		{BF5710B0-7B6B-42F9-8AE4-672661EAAC6F}.Debug|iPhone.ActiveCfg = Debug|Any CPU
		{BF5710B0-7B6B-42F9-8AE4-672661EAAC6F}.Debug|iPhone.Build.0 = Debug|Any CPU
		{BF5710B0-7B6B-42F9-8AE4-672661EAAC6F}.Debug|iPhoneSimulator.ActiveCfg = Debug|Any CPU
		{BF5710B0-7B6B-42F9-8AE4-672661EAAC6F}.Debug|iPhoneSimulator.Build.0 = Debug|Any CPU
		{BF5710B0-7B6B-42F9-8AE4-672661EAAC6F}.Debug|x86.ActiveCfg = Debug|Any CPU
		{BF5710B0-7B6B-42F9-8AE4-672661EAAC6F}.Debug|x86.Build.0 = Debug|Any CPU
		{BF5710B0-7B6B-42F9-8AE4-672661EAAC6F}.Release|Any CPU.ActiveCfg = Release|Any CPU
		{BF5710B0-7B6B-42F9-8AE4-672661EAAC6F}.Release|Any CPU.Build.0 = Release|Any CPU
		{BF5710B0-7B6B-42F9-8AE4-672661EAAC6F}.Release|ARM.ActiveCfg = Release|Any CPU
		{BF5710B0-7B6B-42F9-8AE4-672661EAAC6F}.Release|ARM.Build.0 = Release|Any CPU
		{BF5710B0-7B6B-42F9-8AE4-672661EAAC6F}.Release|iPhone.ActiveCfg = Release|Any CPU
		{BF5710B0-7B6B-42F9-8AE4-672661EAAC6F}.Release|iPhone.Build.0 = Release|Any CPU
		{BF5710B0-7B6B-42F9-8AE4-672661EAAC6F}.Release|iPhoneSimulator.ActiveCfg = Release|Any CPU
		{BF5710B0-7B6B-42F9-8AE4-672661EAAC6F}.Release|iPhoneSimulator.Build.0 = Release|Any CPU
		{BF5710B0-7B6B-42F9-8AE4-672661EAAC6F}.Release|x86.ActiveCfg = Release|Any CPU
		{BF5710B0-7B6B-42F9-8AE4-672661EAAC6F}.Release|x86.Build.0 = Release|Any CPU
	EndGlobalSection
	GlobalSection(SolutionProperties) = preSolution
		HideSolutionNode = FALSE
	EndGlobalSection
	GlobalSection(TeamFoundationVersionControl) = preSolution
		SccNumberOfProjects = 6
		SccEnterpriseProvider = {4CA58AB2-18FA-4F8D-95D4-32DDF27D184C}
		SccTeamFoundationServer = https://autobahntolearning.visualstudio.com/defaultcollection
		SccLocalPath0 = .
		SccProjectUniqueName1 = WeaponForger\\WeaponForger.Droid\\WeaponForger.Droid.csproj
		SccProjectName1 = WeaponForger/WeaponForger.Droid
		SccLocalPath1 = WeaponForger\\WeaponForger.Droid
		SccProjectUniqueName2 = WeaponForger\\WeaponForger.iOS\\WeaponForger.iOS.csproj
		SccProjectName2 = WeaponForger/WeaponForger.iOS
		SccLocalPath2 = WeaponForger\\WeaponForger.iOS
		SccProjectUniqueName3 = WeaponForger\\WeaponForger.WinPhone\\WeaponForger.WinPhone.csproj
		SccProjectName3 = WeaponForger/WeaponForger.WinPhone
		SccLocalPath3 = WeaponForger\\WeaponForger.WinPhone
		SccProjectUniqueName4 = WeaponForger\\WeaponForger\\WeaponForger.csproj
		SccProjectName4 = WeaponForger/WeaponForger
		SccLocalPath4 = WeaponForger\\WeaponForger
		SccProjectUniqueName5 = WeaponForger.Tests\\WeaponForger.Tests.csproj
		SccProjectName5 = WeaponForger.Tests
		SccLocalPath5 = WeaponForger.Tests
	EndGlobalSection
EndGlobal
